// !$*UTF8*$!
{
	archiveVersion = 1;
	classes = {
	};
	objectVersion = 50;
	objects = {

/* Begin PBXBuildFile section */
		BB66A419286D96BC00AF7BCC /* AppDelegate.swift in Sources */ = {isa = PBXBuildFile; fileRef = BB66A418286D96BC00AF7BCC /* AppDelegate.swift */; };
		BB66A41B286D96BC00AF7BCC /* SceneDelegate.swift in Sources */ = {isa = PBXBuildFile; fileRef = BB66A41A286D96BC00AF7BCC /* SceneDelegate.swift */; };
		BB66A41D286D96BC00AF7BCC /* ViewController.swift in Sources */ = {isa = PBXBuildFile; fileRef = BB66A41C286D96BC00AF7BCC /* ViewController.swift */; };
		BB66A420286D96BC00AF7BCC /* Main.storyboard in Resources */ = {isa = PBXBuildFile; fileRef = BB66A41E286D96BC00AF7BCC /* Main.storyboard */; };
		BB66A422286D96BE00AF7BCC /* Assets.xcassets in Resources */ = {isa = PBXBuildFile; fileRef = BB66A421286D96BE00AF7BCC /* Assets.xcassets */; };
		BB66A425286D96BE00AF7BCC /* LaunchScreen.storyboard in Resources */ = {isa = PBXBuildFile; fileRef = BB66A423286D96BE00AF7BCC /* LaunchScreen.storyboard */; };
		BB66A430286D9A0900AF7BCC /* asdasd.png in Resources */ = {isa = PBXBuildFile; fileRef = BB66A42D286D9A0900AF7BCC /* asdasd.png */; };
		BB66A431286D9A0900AF7BCC /* Q1ZFyI.jpeg in Resources */ = {isa = PBXBuildFile; fileRef = BB66A42E286D9A0900AF7BCC /* Q1ZFyI.jpeg */; };
		BB66A432286D9A0900AF7BCC /* qweqwe.jpeg in Resources */ = {isa = PBXBuildFile; fileRef = BB66A42F286D9A0900AF7BCC /* qweqwe.jpeg */; };
/* End PBXBuildFile section */

/* Begin PBXFileReference section */
		BB66A415286D96BC00AF7BCC /* UISegmentConrol.app */ = {isa = PBXFileReference; explicitFileType = wrapper.application; includeInIndex = 0; path = UISegmentConrol.app; sourceTree = BUILT_PRODUCTS_DIR; };
		BB66A418286D96BC00AF7BCC /* AppDelegate.swift */ = {isa = PBXFileReference; lastKnownFileType = sourcecode.swift; path = AppDelegate.swift; sourceTree = "<group>"; };
		BB66A41A286D96BC00AF7BCC /* SceneDelegate.swift */ = {isa = PBXFileReference; lastKnownFileType = sourcecode.swift; path = SceneDelegate.swift; sourceTree = "<group>"; };
		BB66A41C286D96BC00AF7BCC /* ViewController.swift */ = {isa = PBXFileReference; lastKnownFileType = sourcecode.swift; path = ViewController.swift; sourceTree = "<group>"; };
		BB66A41F286D96BC00AF7BCC /* Base */ = {isa = PBXFileReference; lastKnownFileType = file.storyboard; name = Base; path = Base.lproj/Main.storyboard; sourceTree = "<group>"; };
		BB66A421286D96BE00AF7BCC /* Assets.xcassets */ = {isa = PBXFileReference; lastKnownFileType = folder.assetcatalog; path = Assets.xcassets; sourceTree = "<group>"; };
		BB66A424286D96BE00AF7BCC /* Base */ = {isa = PBXFileReference; lastKnownFileType = file.storyboard; name = Base; path = Base.lproj/LaunchScreen.storyboard; sourceTree = "<group>"; };
		BB66A426286D96BE00AF7BCC /* Info.plist */ = {isa = PBXFileReference; lastKnownFileType = text.plist.xml; path = Info.plist; sourceTree = "<group>"; };
		BB66A42D286D9A0900AF7BCC /* asdasd.png */ = {isa = PBXFileReference; lastKnownFileType = image.png; path = asdasd.png; sourceTree = "<group>"; };
		BB66A42E286D9A0900AF7BCC /* Q1ZFyI.jpeg */ = {isa = PBXFileReference; lastKnownFileType = image.jpeg; path = Q1ZFyI.jpeg; sourceTree = "<group>"; };
		BB66A42F286D9A0900AF7BCC /* qweqwe.jpeg */ = {isa = PBXFileReference; lastKnownFileType = image.jpeg; path = qweqwe.jpeg; sourceTree = "<group>"; };
/* End PBXFileReference section */

/* Begin PBXFrameworksBuildPhase section */
		BB66A412286D96BC00AF7BCC /* Frameworks */ = {
			isa = PBXFrameworksBuildPhase;
			buildActionMask = 2147483647;
			files = (
			);
			runOnlyForDeploymentPostprocessing = 0;
		};
/* End PBXFrameworksBuildPhase section */

/* Begin PBXGroup section */
		BB66A40C286D96BC00AF7BCC = {
			isa = PBXGroup;
			children = (
				BB66A417286D96BC00AF7BCC /* UISegmentConrol */,
				BB66A416286D96BC00AF7BCC /* Products */,
			);
			sourceTree = "<group>";
		};
		BB66A416286D96BC00AF7BCC /* Products */ = {
			isa = PBXGroup;
			children = (
				BB66A415286D96BC00AF7BCC /* UISegmentConrol.app */,
			);
			name = Products;
			sourceTree = "<group>";
		};
		BB66A417286D96BC00AF7BCC /* UISegmentConrol */ = {
			isa = PBXGroup;
			children = (
				BB66A418286D96BC00AF7BCC /* AppDelegate.swift */,
				BB66A41A286D96BC00AF7BCC /* SceneDelegate.swift */,
				BB66A41C286D96BC00AF7BCC /* ViewController.swift */,
				BB66A41E286D96BC00AF7BCC /* Main.storyboard */,
				BB66A421286D96BE00AF7BCC /* Assets.xcassets */,
				BB66A423286D96BE00AF7BCC /* LaunchScreen.storyboard */,
				BB66A426286D96BE00AF7BCC /* Info.plist */,
				BB66A42D286D9A0900AF7BCC /* asdasd.png */,
				BB66A42E286D9A0900AF7BCC /* Q1ZFyI.jpeg */,
				BB66A42F286D9A0900AF7BCC /* qweqwe.jpeg */,
			);
			path = UISegmentConrol;
			sourceTree = "<group>";
		};
/* End PBXGroup section */

/* Begin PBXNativeTarget section */
		BB66A414286D96BC00AF7BCC /* UISegmentConrol */ = {
			isa = PBXNativeTarget;
			buildConfigurationList = BB66A429286D96BE00AF7BCC /* Build configuration list for PBXNativeTarget "UISegmentConrol" */;
			buildPhases = (
				BB66A411286D96BC00AF7BCC /* Sources */,
				BB66A412286D96BC00AF7BCC /* Frameworks */,
				BB66A413286D96BC00AF7BCC /* Resources */,
			);
			buildRules = (
			);
			dependencies = (
			);
			name = UISegmentConrol;
			productName = UISegmentConrol;
			productReference = BB66A415286D96BC00AF7BCC /* UISegmentConrol.app */;
			productType = "com.apple.product-type.application";
		};
/* End PBXNativeTarget section */

/* Begin PBXProject section */
		BB66A40D286D96BC00AF7BCC /* Project object */ = {
			isa = PBXProject;
			attributes = {
				LastSwiftUpdateCheck = 1210;
				LastUpgradeCheck = 1210;
				TargetAttributes = {
					BB66A414286D96BC00AF7BCC = {
						CreatedOnToolsVersion = 12.1;
					};
				};
			};
			buildConfigurationList = BB66A410286D96BC00AF7BCC /* Build configuration list for PBXProject "UISegmentConrol" */;
			compatibilityVersion = "Xcode 9.3";
			developmentRegion = en;
			hasScannedForEncodings = 0;
			knownRegions = (
				en,
				Base,
			);
			mainGroup = BB66A40C286D96BC00AF7BCC;
			productRefGroup = BB66A416286D96BC00AF7BCC /* Products */;
			projectDirPath = "";
			projectRoot = "";
			targets = (
				BB66A414286D96BC00AF7BCC /* UISegmentConrol */,
			);
		};
/* End PBXProject section */

/* Begin PBXResourcesBuildPhase section */
		BB66A413286D96BC00AF7BCC /* Resources */ = {
			isa = PBXResourcesBuildPhase;
			buildActionMask = 2147483647;
			files = (
				BB66A425286D96BE00AF7BCC /* LaunchScreen.storyboard in Resources */,
				BB66A432286D9A0900AF7BCC /* qweqwe.jpeg in Resources */,
				BB66A430286D9A0900AF7BCC /* asdasd.png in Resources */,
				BB66A422286D96BE00AF7BCC /* Assets.xcassets in Resources */,
				BB66A420286D96BC00AF7BCC /* Main.storyboard in Resources */,
				BB66A431286D9A0900AF7BCC /* Q1ZFyI.jpeg in Resources */,
			);
			runOnlyForDeploymentPostprocessing = 0;
		};
/* End PBXResourcesBuildPhase section */

/* Begin PBXSourcesBuildPhase section */
		BB66A411286D96BC00AF7BCC /* Sources */ = {
			isa = PBXSourcesBuildPhase;
			buildActionMask = 2147483647;
			files = (
				BB66A41D286D96BC00AF7BCC /* ViewController.swift in Sources */,
				BB66A419286D96BC00AF7BCC /* AppDelegate.swift in Sources */,
				BB66A41B286D96BC00AF7BCC /* SceneDelegate.swift in Sources */,
			);
			runOnlyForDeploymentPostprocessing = 0;
		};
/* End PBXSourcesBuildPhase section */

/* Begin PBXVariantGroup section */
		BB66A41E286D96BC00AF7BCC /* Main.storyboard */ = {
			isa = PBXVariantGroup;
			children = (
				BB66A41F286D96BC00AF7BCC /* Base */,
			);
			name = Main.storyboard;
			sourceTree = "<group>";
		};
		BB66A423286D96BE00AF7BCC /* LaunchScreen.storyboard */ = {
			isa = PBXVariantGroup;
			children = (
				BB66A424286D96BE00AF7BCC /* Base */,
			);
			name = LaunchScreen.storyboard;
			sourceTree = "<group>";
		};
/* End PBXVariantGroup section */

/* Begin XCBuildConfiguration section */
		BB66A427286D96BE00AF7BCC /* Debug */ = {
			isa = XCBuildConfiguration;
			buildSettings = {
				ALWAYS_SEARCH_USER_PATHS = NO;
				CLANG_ANALYZER_NONNULL = YES;
				CLANG_ANALYZER_NUMBER_OBJECT_CONVERSION = YES_AGGRESSIVE;
				CLANG_CXX_LANGUAGE_STANDARD = "gnu++14";
				CLANG_CXX_LIBRARY = "libc++";
				CLANG_ENABLE_MODULES = YES;
				CLANG_ENABLE_OBJC_ARC = YES;
				CLANG_ENABLE_OBJC_WEAK = YES;
				CLANG_WARN_BLOCK_CAPTURE_AUTORELEASING = YES;
				CLANG_WARN_BOOL_CONVERSION = YES;
				CLANG_WARN_COMMA = YES;
				CLANG_WARN_CONSTANT_CONVERSION = YES;
				CLANG_WARN_DEPRECATED_OBJC_IMPLEMENTATIONS = YES;
				CLANG_WARN_DIRECT_OBJC_ISA_USAGE = YES_ERROR;
				CLANG_WARN_DOCUMENTATION_COMMENTS = YES;
				CLANG_WARN_EMPTY_BODY = YES;
				CLANG_WARN_ENUM_CONVERSION = YES;
				CLANG_WARN_INFINITE_RECURSION = YES;
				CLANG_WARN_INT_CONVERSION = YES;
				CLANG_WARN_NON_LITERAL_NULL_CONVERSION = YES;
				CLANG_WARN_OBJC_IMPLICIT_RETAIN_SELF = YES;
				CLANG_WARN_OBJC_LITERAL_CONVERSION = YES;
				CLANG_WARN_OBJC_ROOT_CLASS = YES_ERROR;
				CLANG_WARN_QUOTED_INCLUDE_IN_FRAMEWORK_HEADER = YES;
				CLANG_WARN_RANGE_LOOP_ANALYSIS = YES;
				CLANG_WARN_STRICT_PROTOTYPES = YES;
				CLANG_WARN_SUSPICIOUS_MOVE = YES;
				CLANG_WARN_UNGUARDED_AVAILABILITY = YES_AGGRESSIVE;
				CLANG_WARN_UNREACHABLE_CODE = YES;
				CLANG_WARN__DUPLICATE_METHOD_MATCH = YES;
				COPY_PHASE_STRIP = NO;
				DEBUG_INFORMATION_FORMAT = dwarf;
				ENABLE_STRICT_OBJC_MSGSEND = YES;
				ENABLE_TESTABILITY = YES;
				GCC_C_LANGUAGE_STANDARD = gnu11;
				GCC_DYNAMIC_NO_PIC = NO;
				GCC_NO_COMMON_BLOCKS = YES;
				GCC_OPTIMIZATION_LEVEL = 0;
				GCC_PREPROCESSOR_DEFINITIONS = (
					"DEBUG=1",
					"$(inherited)",
				);
				GCC_WARN_64_TO_32_BIT_CONVERSION = YES;
				GCC_WARN_ABOUT_RETURN_TYPE = YES_ERROR;
				GCC_WARN_UNDECLARED_SELECTOR = YES;
				GCC_WARN_UNINITIALIZED_AUTOS = YES_AGGRESSIVE;
				GCC_WARN_UNUSED_FUNCTION = YES;
				GCC_WARN_UNUSED_VARIABLE = YES;
				IPHONEOS_DEPLOYMENT_TARGET = 14.1;
				MTL_ENABLE_DEBUG_INFO = INCLUDE_SOURCE;
				MTL_FAST_MATH = YES;
				ONLY_ACTIVE_ARCH = YES;
				SDKROOT = iphoneos;
				SWIFT_ACTIVE_COMPILATION_CONDITIONS = DEBUG;
				SWIFT_OPTIMIZATION_LEVEL = "-Onone";
			};
			name = Debug;
		};
		BB66A428286D96BE00AF7BCC /* Release */ = {
			isa = XCBuildConfiguration;
			buildSettings = {
				ALWAYS_SEARCH_USER_PATHS = NO;
				CLANG_ANALYZER_NONNULL = YES;
				CLANG_ANALYZER_NUMBER_OBJECT_CONVERSION = YES_AGGRESSIVE;
				CLANG_CXX_LANGUAGE_STANDARD = "gnu++14";
				CLANG_CXX_LIBRARY = "libc++";
				CLANG_ENABLE_MODULES = YES;
				CLANG_ENABLE_OBJC_ARC = YES;
				CLANG_ENABLE_OBJC_WEAK = YES;
				CLANG_WARN_BLOCK_CAPTURE_AUTORELEASING = YES;
				CLANG_WARN_BOOL_CONVERSION = YES;
				CLANG_WARN_COMMA = YES;
				CLANG_WARN_CONSTANT_CONVERSION = YES;
				CLANG_WARN_DEPRECATED_OBJC_IMPLEMENTATIONS = YES;
				CLANG_WARN_DIRECT_OBJC_ISA_USAGE = YES_ERROR;
				CLANG_WARN_DOCUMENTATION_COMMENTS = YES;
				CLANG_WARN_EMPTY_BODY = YES;
				CLANG_WARN_ENUM_CONVERSION = YES;
				CLANG_WARN_INFINITE_RECURSION = YES;
				CLANG_WARN_INT_CONVERSION = YES;
				CLANG_WARN_NON_LITERAL_NULL_CONVERSION = YES;
				CLANG_WARN_OBJC_IMPLICIT_RETAIN_SELF = YES;
				CLANG_WARN_OBJC_LITERAL_CONVERSION = YES;
				CLANG_WARN_OBJC_ROOT_CLASS = YES_ERROR;
				CLANG_WARN_QUOTED_INCLUDE_IN_FRAMEWORK_HEADER = YES;
				CLANG_WARN_RANGE_LOOP_ANALYSIS = YES;
				CLANG_WARN_STRICT_PROTOTYPES = YES;
				CLANG_WARN_SUSPICIOUS_MOVE = YES;
				CLANG_WARN_UNGUARDED_AVAILABILITY = YES_AGGRESSIVE;
				CLANG_WARN_UNREACHABLE_CODE = YES;
				CLANG_WARN__DUPLICATE_METHOD_MATCH = YES;
				COPY_PHASE_STRIP = NO;
				DEBUG_INFORMATION_FORMAT = "dwarf-with-dsym";
				ENABLE_NS_ASSERTIONS = NO;
				ENABLE_STRICT_OBJC_MSGSEND = YES;
				GCC_C_LANGUAGE_STANDARD = gnu11;
				GCC_NO_COMMON_BLOCKS = YES;
				GCC_WARN_64_TO_32_BIT_CONVERSION = YES;
				GCC_WARN_ABOUT_RETURN_TYPE = YES_ERROR;
				GCC_WARN_UNDECLARED_SELECTOR = YES;
				GCC_WARN_UNINITIALIZED_AUTOS = YES_AGGRESSIVE;
				GCC_WARN_UNUSED_FUNCTION = YES;
				GCC_WARN_UNUSED_VARIABLE = YES;
				IPHONEOS_DEPLOYMENT_TARGET = 14.1;
				MTL_ENABLE_DEBUG_INFO = NO;
				MTL_FAST_MATH = YES;
				SDKROOT = iphoneos;
				SWIFT_COMPILATION_MODE = wholemodule;
				SWIFT_OPTIMIZATION_LEVEL = "-O";
				VALIDATE_PRODUCT = YES;
			};
			name = Release;
		};
		BB66A42A286D96BE00AF7BCC /* Debug */ = {
			isa = XCBuildConfiguration;
			buildSettings = {
				ASSETCATALOG_COMPILER_APPICON_NAME = AppIcon;
				ASSETCATALOG_COMPILER_GLOBAL_ACCENT_COLOR_NAME = AccentColor;
				CODE_SIGN_STYLE = Automatic;
				DEVELOPMENT_TEAM = 6WW6D9N6J7;
				INFOPLIST_FILE = UISegmentConrol/Info.plist;
				LD_RUNPATH_SEARCH_PATHS = (
					"$(inherited)",
					"@executable_path/Frameworks",
				);
				PRODUCT_BUNDLE_IDENTIFIER = "ru.koskin-val-mail.UISegmentConrol";
				PRODUCT_NAME = "$(TARGET_NAME)";
				SWIFT_VERSION = 5.0;
				TARGETED_DEVICE_FAMILY = "1,2";
			};
			name = Debug;
		};
		BB66A42B286D96BE00AF7BCC /* Release */ = {
			isa = XCBuildConfiguration;
			buildSettings = {
				ASSETCATALOG_COMPILER_APPICON_NAME = AppIcon;
				ASSETCATALOG_COMPILER_GLOBAL_ACCENT_COLOR_NAME = AccentColor;
				CODE_SIGN_STYLE = Automatic;
				DEVELOPMENT_TEAM = 6WW6D9N6J7;
				INFOPLIST_FILE = UISegmentConrol/Info.plist;
				LD_RUNPATH_SEARCH_PATHS = (
					"$(inherited)",
					"@executable_path/Frameworks",
				);
				PRODUCT_BUNDLE_IDENTIFIER = "ru.koskin-val-mail.UISegmentConrol";
				PRODUCT_NAME = "$(TARGET_NAME)";
				SWIFT_VERSION = 5.0;
				TARGETED_DEVICE_FAMILY = "1,2";
			};
			name = Release;
		};
/* End XCBuildConfiguration section */

/* Begin XCConfigurationList section */
		BB66A410286D96BC00AF7BCC /* Build configuration list for PBXProject "UISegmentConrol" */ = {
			isa = XCConfigurationList;
			buildConfigurations = (
				BB66A427286D96BE00AF7BCC /* Debug */,
				BB66A428286D96BE00AF7BCC /* Release */,
			);
			defaultConfigurationIsVisible = 0;
			defaultConfigurationName = Release;
		};
		BB66A429286D96BE00AF7BCC /* Build configuration list for PBXNativeTarget "UISegmentConrol" */ = {
			isa = XCConfigurationList;
			buildConfigurations = (
				BB66A42A286D96BE00AF7BCC /* Debug */,
				BB66A42B286D96BE00AF7BCC /* Release */,
			);
			defaultConfigurationIsVisible = 0;
			defaultConfigurationName = Release;
		};
/* End XCConfigurationList section */
	};
	rootObject = BB66A40D286D96BC00AF7BCC /* Project object */;
}
